// !$*UTF8*$!
{
	archiveVersion = 1;
	classes = {
	};
	objectVersion = 50;
	objects = {

/* Begin PBXBuildFile section */
		D756F7F726700B3800DB5C49 /* AppDelegate.swift in Sources */ = {isa = PBXBuildFile; fileRef = D756F7F626700B3800DB5C49 /* AppDelegate.swift */; };
		D756F7F926700B3800DB5C49 /* SceneDelegate.swift in Sources */ = {isa = PBXBuildFile; fileRef = D756F7F826700B3800DB5C49 /* SceneDelegate.swift */; };
		D756F7FB26700B3800DB5C49 /* RedOneView.swift in Sources */ = {isa = PBXBuildFile; fileRef = D756F7FA26700B3800DB5C49 /* RedOneView.swift */; };
		D756F7FD26700B3900DB5C49 /* Assets.xcassets in Resources */ = {isa = PBXBuildFile; fileRef = D756F7FC26700B3900DB5C49 /* Assets.xcassets */; };
		D756F80026700B3900DB5C49 /* Preview Assets.xcassets in Resources */ = {isa = PBXBuildFile; fileRef = D756F7FF26700B3900DB5C49 /* Preview Assets.xcassets */; };
		D756F80326700B3900DB5C49 /* LaunchScreen.storyboard in Resources */ = {isa = PBXBuildFile; fileRef = D756F80126700B3900DB5C49 /* LaunchScreen.storyboard */; };
/* End PBXBuildFile section */

/* Begin PBXFileReference section */
		D756F7F326700B3800DB5C49 /* Navigation View.app */ = {isa = PBXFileReference; explicitFileType = wrapper.application; includeInIndex = 0; path = "Navigation View.app"; sourceTree = BUILT_PRODUCTS_DIR; };
		D756F7F626700B3800DB5C49 /* AppDelegate.swift */ = {isa = PBXFileReference; lastKnownFileType = sourcecode.swift; path = AppDelegate.swift; sourceTree = "<group>"; };
		D756F7F826700B3800DB5C49 /* SceneDelegate.swift */ = {isa = PBXFileReference; lastKnownFileType = sourcecode.swift; path = SceneDelegate.swift; sourceTree = "<group>"; };
		D756F7FA26700B3800DB5C49 /* RedOneView.swift */ = {isa = PBXFileReference; lastKnownFileType = sourcecode.swift; path = RedOneView.swift; sourceTree = "<group>"; };
		D756F7FC26700B3900DB5C49 /* Assets.xcassets */ = {isa = PBXFileReference; lastKnownFileType = folder.assetcatalog; path = Assets.xcassets; sourceTree = "<group>"; };
		D756F7FF26700B3900DB5C49 /* Preview Assets.xcassets */ = {isa = PBXFileReference; lastKnownFileType = folder.assetcatalog; path = "Preview Assets.xcassets"; sourceTree = "<group>"; };
		D756F80226700B3900DB5C49 /* Base */ = {isa = PBXFileReference; lastKnownFileType = file.storyboard; name = Base; path = Base.lproj/LaunchScreen.storyboard; sourceTree = "<group>"; };
		D756F80426700B3900DB5C49 /* Info.plist */ = {isa = PBXFileReference; lastKnownFileType = text.plist.xml; path = Info.plist; sourceTree = "<group>"; };
/* End PBXFileReference section */

/* Begin PBXFrameworksBuildPhase section */
		D756F7F026700B3800DB5C49 /* Frameworks */ = {
			isa = PBXFrameworksBuildPhase;
			buildActionMask = 2147483647;
			files = (
			);
			runOnlyForDeploymentPostprocessing = 0;
		};
/* End PBXFrameworksBuildPhase section */

/* Begin PBXGroup section */
		D756F7EA26700B3800DB5C49 = {
			isa = PBXGroup;
			children = (
				D756F7F526700B3800DB5C49 /* Navigation View */,
				D756F7F426700B3800DB5C49 /* Products */,
			);
			sourceTree = "<group>";
		};
		D756F7F426700B3800DB5C49 /* Products */ = {
			isa = PBXGroup;
			children = (
				D756F7F326700B3800DB5C49 /* Navigation View.app */,
			);
			name = Products;
			sourceTree = "<group>";
		};
		D756F7F526700B3800DB5C49 /* Navigation View */ = {
			isa = PBXGroup;
			children = (
				D756F7F626700B3800DB5C49 /* AppDelegate.swift */,
				D756F7F826700B3800DB5C49 /* SceneDelegate.swift */,
				D756F7FA26700B3800DB5C49 /* RedOneView.swift */,
				D756F7FC26700B3900DB5C49 /* Assets.xcassets */,
				D756F80126700B3900DB5C49 /* LaunchScreen.storyboard */,
				D756F80426700B3900DB5C49 /* Info.plist */,
				D756F7FE26700B3900DB5C49 /* Preview Content */,
			);
			path = "Navigation View";
			sourceTree = "<group>";
		};
		D756F7FE26700B3900DB5C49 /* Preview Content */ = {
			isa = PBXGroup;
			children = (
				D756F7FF26700B3900DB5C49 /* Preview Assets.xcassets */,
			);
			path = "Preview Content";
			sourceTree = "<group>";
		};
/* End PBXGroup section */

/* Begin PBXNativeTarget section */
		D756F7F226700B3800DB5C49 /* Navigation View */ = {
			isa = PBXNativeTarget;
			buildConfigurationList = D756F80726700B3900DB5C49 /* Build configuration list for PBXNativeTarget "Navigation View" */;
			buildPhases = (
				D756F7EF26700B3800DB5C49 /* Sources */,
				D756F7F026700B3800DB5C49 /* Frameworks */,
				D756F7F126700B3800DB5C49 /* Resources */,
			);
			buildRules = (
			);
			dependencies = (
			);
			name = "Navigation View";
			productName = "Navigation View";
			productReference = D756F7F326700B3800DB5C49 /* Navigation View.app */;
			productType = "com.apple.product-type.application";
		};
/* End PBXNativeTarget section */

/* Begin PBXProject section */
		D756F7EB26700B3800DB5C49 /* Project object */ = {
			isa = PBXProject;
			attributes = {
				LastSwiftUpdateCheck = 1250;
				LastUpgradeCheck = 1250;
				TargetAttributes = {
					D756F7F226700B3800DB5C49 = {
						CreatedOnToolsVersion = 12.5;
					};
				};
			};
			buildConfigurationList = D756F7EE26700B3800DB5C49 /* Build configuration list for PBXProject "Navigation View" */;
			compatibilityVersion = "Xcode 9.3";
			developmentRegion = en;
			hasScannedForEncodings = 0;
			knownRegions = (
				en,
				Base,
			);
			mainGroup = D756F7EA26700B3800DB5C49;
			productRefGroup = D756F7F426700B3800DB5C49 /* Products */;
			projectDirPath = "";
			projectRoot = "";
			targets = (
				D756F7F226700B3800DB5C49 /* Navigation View */,
			);
		};
/* End PBXProject section */

/* Begin PBXResourcesBuildPhase section */
		D756F7F126700B3800DB5C49 /* Resources */ = {
			isa = PBXResourcesBuildPhase;
			buildActionMask = 2147483647;
			files = (
				D756F80326700B3900DB5C49 /* LaunchScreen.storyboard in Resources */,
				D756F80026700B3900DB5C49 /* Preview Assets.xcassets in Resources */,
				D756F7FD26700B3900DB5C49 /* Assets.xcassets in Resources */,
			);
			runOnlyForDeploymentPostprocessing = 0;
		};
/* End PBXResourcesBuildPhase section */

/* Begin PBXSourcesBuildPhase section */
		D756F7EF26700B3800DB5C49 /* Sources */ = {
			isa = PBXSourcesBuildPhase;
			buildActionMask = 2147483647;
			files = (
				D756F7F726700B3800DB5C49 /* AppDelegate.swift in Sources */,
				D756F7F926700B3800DB5C49 /* SceneDelegate.swift in Sources */,
				D756F7FB26700B3800DB5C49 /* RedOneView.swift in Sources */,
			);
			runOnlyForDeploymentPostprocessing = 0;
		};
/* End PBXSourcesBuildPhase section */

/* Begin PBXVariantGroup section */
		D756F80126700B3900DB5C49 /* LaunchScreen.storyboard */ = {
			isa = PBXVariantGroup;
			children = (
				D756F80226700B3900DB5C49 /* Base */,
			);
			name = LaunchScreen.storyboard;
			sourceTree = "<group>";
		};
/* End PBXVariantGroup section */

/* Begin XCBuildConfiguration section */
		D756F80526700B3900DB5C49 /* Debug */ = {
			isa = XCBuildConfiguration;
			buildSettings = {
				ALWAYS_SEARCH_USER_PATHS = NO;
				CLANG_ANALYZER_NONNULL = YES;
				CLANG_ANALYZER_NUMBER_OBJECT_CONVERSION = YES_AGGRESSIVE;
				CLANG_CXX_LANGUAGE_STANDARD = "gnu++14";
				CLANG_CXX_LIBRARY = "libc++";
				CLANG_ENABLE_MODULES = YES;
				CLANG_ENABLE_OBJC_ARC = YES;
				CLANG_ENABLE_OBJC_WEAK = YES;
				CLANG_WARN_BLOCK_CAPTURE_AUTORELEASING = YES;
				CLANG_WARN_BOOL_CONVERSION = YES;
				CLANG_WARN_COMMA = YES;
				CLANG_WARN_CONSTANT_CONVERSION = YES;
				CLANG_WARN_DEPRECATED_OBJC_IMPLEMENTATIONS = YES;
				CLANG_WARN_DIRECT_OBJC_ISA_USAGE = YES_ERROR;
				CLANG_WARN_DOCUMENTATION_COMMENTS = YES;
				CLANG_WARN_EMPTY_BODY = YES;
				CLANG_WARN_ENUM_CONVERSION = YES;
				CLANG_WARN_INFINITE_RECURSION = YES;
				CLANG_WARN_INT_CONVERSION = YES;
				CLANG_WARN_NON_LITERAL_NULL_CONVERSION = YES;
				CLANG_WARN_OBJC_IMPLICIT_RETAIN_SELF = YES;
				CLANG_WARN_OBJC_LITERAL_CONVERSION = YES;
				CLANG_WARN_OBJC_ROOT_CLASS = YES_ERROR;
				CLANG_WARN_QUOTED_INCLUDE_IN_FRAMEWORK_HEADER = YES;
				CLANG_WARN_RANGE_LOOP_ANALYSIS = YES;
				CLANG_WARN_STRICT_PROTOTYPES = YES;
				CLANG_WARN_SUSPICIOUS_MOVE = YES;
				CLANG_WARN_UNGUARDED_AVAILABILITY = YES_AGGRESSIVE;
				CLANG_WARN_UNREACHABLE_CODE = YES;
				CLANG_WARN__DUPLICATE_METHOD_MATCH = YES;
				COPY_PHASE_STRIP = NO;
				DEBUG_INFORMATION_FORMAT = dwarf;
				ENABLE_STRICT_OBJC_MSGSEND = YES;
				ENABLE_TESTABILITY = YES;
				GCC_C_LANGUAGE_STANDARD = gnu11;
				GCC_DYNAMIC_NO_PIC = NO;
				GCC_NO_COMMON_BLOCKS = YES;
				GCC_OPTIMIZATION_LEVEL = 0;
				GCC_PREPROCESSOR_DEFINITIONS = (
					"DEBUG=1",
					"$(inherited)",
				);
				GCC_WARN_64_TO_32_BIT_CONVERSION = YES;
				GCC_WARN_ABOUT_RETURN_TYPE = YES_ERROR;
				GCC_WARN_UNDECLARED_SELECTOR = YES;
				GCC_WARN_UNINITIALIZED_AUTOS = YES_AGGRESSIVE;
				GCC_WARN_UNUSED_FUNCTION = YES;
				GCC_WARN_UNUSED_VARIABLE = YES;
				IPHONEOS_DEPLOYMENT_TARGET = 14.5;
				MTL_ENABLE_DEBUG_INFO = INCLUDE_SOURCE;
				MTL_FAST_MATH = YES;
				ONLY_ACTIVE_ARCH = YES;
				SDKROOT = iphoneos;
				SWIFT_ACTIVE_COMPILATION_CONDITIONS = DEBUG;
				SWIFT_OPTIMIZATION_LEVEL = "-Onone";
			};
			name = Debug;
		};
		D756F80626700B3900DB5C49 /* Release */ = {
			isa = XCBuildConfiguration;
			buildSettings = {
				ALWAYS_SEARCH_USER_PATHS = NO;
				CLANG_ANALYZER_NONNULL = YES;
				CLANG_ANALYZER_NUMBER_OBJECT_CONVERSION = YES_AGGRESSIVE;
				CLANG_CXX_LANGUAGE_STANDARD = "gnu++14";
				CLANG_CXX_LIBRARY = "libc++";
				CLANG_ENABLE_MODULES = YES;
				CLANG_ENABLE_OBJC_ARC = YES;
				CLANG_ENABLE_OBJC_WEAK = YES;
				CLANG_WARN_BLOCK_CAPTURE_AUTORELEASING = YES;
				CLANG_WARN_BOOL_CONVERSION = YES;
				CLANG_WARN_COMMA = YES;
				CLANG_WARN_CONSTANT_CONVERSION = YES;
				CLANG_WARN_DEPRECATED_OBJC_IMPLEMENTATIONS = YES;
				CLANG_WARN_DIRECT_OBJC_ISA_USAGE = YES_ERROR;
				CLANG_WARN_DOCUMENTATION_COMMENTS = YES;
				CLANG_WARN_EMPTY_BODY = YES;
				CLANG_WARN_ENUM_CONVERSION = YES;
				CLANG_WARN_INFINITE_RECURSION = YES;
				CLANG_WARN_INT_CONVERSION = YES;
				CLANG_WARN_NON_LITERAL_NULL_CONVERSION = YES;
				CLANG_WARN_OBJC_IMPLICIT_RETAIN_SELF = YES;
				CLANG_WARN_OBJC_LITERAL_CONVERSION = YES;
				CLANG_WARN_OBJC_ROOT_CLASS = YES_ERROR;
				CLANG_WARN_QUOTED_INCLUDE_IN_FRAMEWORK_HEADER = YES;
				CLANG_WARN_RANGE_LOOP_ANALYSIS = YES;
				CLANG_WARN_STRICT_PROTOTYPES = YES;
				CLANG_WARN_SUSPICIOUS_MOVE = YES;
				CLANG_WARN_UNGUARDED_AVAILABILITY = YES_AGGRESSIVE;
				CLANG_WARN_UNREACHABLE_CODE = YES;
				CLANG_WARN__DUPLICATE_METHOD_MATCH = YES;
				COPY_PHASE_STRIP = NO;
				DEBUG_INFORMATION_FORMAT = "dwarf-with-dsym";
				ENABLE_NS_ASSERTIONS = NO;
				ENABLE_STRICT_OBJC_MSGSEND = YES;
				GCC_C_LANGUAGE_STANDARD = gnu11;
				GCC_NO_COMMON_BLOCKS = YES;
				GCC_WARN_64_TO_32_BIT_CONVERSION = YES;
				GCC_WARN_ABOUT_RETURN_TYPE = YES_ERROR;
				GCC_WARN_UNDECLARED_SELECTOR = YES;
				GCC_WARN_UNINITIALIZED_AUTOS = YES_AGGRESSIVE;
				GCC_WARN_UNUSED_FUNCTION = YES;
				GCC_WARN_UNUSED_VARIABLE = YES;
				IPHONEOS_DEPLOYMENT_TARGET = 14.5;
				MTL_ENABLE_DEBUG_INFO = NO;
				MTL_FAST_MATH = YES;
				SDKROOT = iphoneos;
				SWIFT_COMPILATION_MODE = wholemodule;
				SWIFT_OPTIMIZATION_LEVEL = "-O";
				VALIDATE_PRODUCT = YES;
			};
			name = Release;
		};
		D756F80826700B3900DB5C49 /* Debug */ = {
			isa = XCBuildConfiguration;
			buildSettings = {
				ASSETCATALOG_COMPILER_APPICON_NAME = AppIcon;
				ASSETCATALOG_COMPILER_GLOBAL_ACCENT_COLOR_NAME = AccentColor;
				CODE_SIGN_STYLE = Automatic;
				DEVELOPMENT_ASSET_PATHS = "\"Navigation View/Preview Content\"";
				DEVELOPMENT_TEAM = U3CRXRCB95;
				ENABLE_PREVIEWS = YES;
				INFOPLIST_FILE = "Navigation View/Info.plist";
				LD_RUNPATH_SEARCH_PATHS = (
					"$(inherited)",
					"@executable_path/Frameworks",
				);
				PRODUCT_BUNDLE_IDENTIFIER = "dev.c-l.Navigation-View";
				PRODUCT_NAME = "$(TARGET_NAME)";
				SWIFT_VERSION = 5.0;
				TARGETED_DEVICE_FAMILY = "1,2";
			};
			name = Debug;
		};
		D756F80926700B3900DB5C49 /* Release */ = {
			isa = XCBuildConfiguration;
			buildSettings = {
				ASSETCATALOG_COMPILER_APPICON_NAME = AppIcon;
				ASSETCATALOG_COMPILER_GLOBAL_ACCENT_COLOR_NAME = AccentColor;
				CODE_SIGN_STYLE = Automatic;
				DEVELOPMENT_ASSET_PATHS = "\"Navigation View/Preview Content\"";
				DEVELOPMENT_TEAM = U3CRXRCB95;
				ENABLE_PREVIEWS = YES;
				INFOPLIST_FILE = "Navigation View/Info.plist";
				LD_RUNPATH_SEARCH_PATHS = (
					"$(inherited)",
					"@executable_path/Frameworks",
				);
				PRODUCT_BUNDLE_IDENTIFIER = "dev.c-l.Navigation-View";
				PRODUCT_NAME = "$(TARGET_NAME)";
				SWIFT_VERSION = 5.0;
				TARGETED_DEVICE_FAMILY = "1,2";
			};
			name = Release;
		};
/* End XCBuildConfiguration section */

/* Begin XCConfigurationList section */
		D756F7EE26700B3800DB5C49 /* Build configuration list for PBXProject "Navigation View" */ = {
			isa = XCConfigurationList;
			buildConfigurations = (
				D756F80526700B3900DB5C49 /* Debug */,
				D756F80626700B3900DB5C49 /* Release */,
			);
			defaultConfigurationIsVisible = 0;
			defaultConfigurationName = Release;
		};
		D756F80726700B3900DB5C49 /* Build configuration list for PBXNativeTarget "Navigation View" */ = {
			isa = XCConfigurationList;
			buildConfigurations = (
				D756F80826700B3900DB5C49 /* Debug */,
				D756F80926700B3900DB5C49 /* Release */,
			);
			defaultConfigurationIsVisible = 0;
			defaultConfigurationName = Release;
		};
/* End XCConfigurationList section */
	};
	rootObject = D756F7EB26700B3800DB5C49 /* Project object */;
}
